
Microsoft Visual Studio Solution File, Format Version 11.00
# Visual Studio 2010
Project("{FAE04EC0-301F-11D3-BF4B-00C04F79EFBC}") = "ManagementSystem", "ManagementSystem\ManagementSystem.csproj", "{CF2E4756-4E29-4324-B59F-8A9D2D5C72B7}"
EndProject
Project("{FAE04EC0-301F-11D3-BF4B-00C04F79EFBC}") = "DatabaseControlLib", "DatabaseControlLib\DatabaseControlLib.csproj", "{7BAB33BD-3E7F-4A0C-8242-30F0F9B5A7B2}"
EndProject
Global
	GlobalSection(SolutionConfigurationPlatforms) = preSolution
		Debug|Any CPU = Debug|Any CPU
		Debug|Mixed Platforms = Debug|Mixed Platforms
		Debug|x86 = Debug|x86
		Release|Any CPU = Release|Any CPU
		Release|Mixed Platforms = Release|Mixed Platforms
		Release|x86 = Release|x86
	EndGlobalSection
	GlobalSection(ProjectConfigurationPlatforms) = postSolution
		{CF2E4756-4E29-4324-B59F-8A9D2D5C72B7}.Debug|Any CPU.ActiveCfg = Debug|x86
		{CF2E4756-4E29-4324-B59F-8A9D2D5C72B7}.Debug|Mixed Platforms.ActiveCfg = Debug|x86
		{CF2E4756-4E29-4324-B59F-8A9D2D5C72B7}.Debug|Mixed Platforms.Build.0 = Debug|x86
		{CF2E4756-4E29-4324-B59F-8A9D2D5C72B7}.Debug|x86.ActiveCfg = Debug|x86
		{CF2E4756-4E29-4324-B59F-8A9D2D5C72B7}.Debug|x86.Build.0 = Debug|x86
		{CF2E4756-4E29-4324-B59F-8A9D2D5C72B7}.Release|Any CPU.ActiveCfg = Release|x86
		{CF2E4756-4E29-4324-B59F-8A9D2D5C72B7}.Release|Mixed Platforms.ActiveCfg = Release|x86
		{CF2E4756-4E29-4324-B59F-8A9D2D5C72B7}.Release|Mixed Platforms.Build.0 = Release|x86
		{CF2E4756-4E29-4324-B59F-8A9D2D5C72B7}.Release|x86.ActiveCfg = Release|x86
		{CF2E4756-4E29-4324-B59F-8A9D2D5C72B7}.Release|x86.Build.0 = Release|x86
		{7BAB33BD-3E7F-4A0C-8242-30F0F9B5A7B2}.Debug|Any CPU.ActiveCfg = Debug|Any CPU
		{7BAB33BD-3E7F-4A0C-8242-30F0F9B5A7B2}.Debug|Any CPU.Build.0 = Debug|Any CPU
		{7BAB33BD-3E7F-4A0C-8242-30F0F9B5A7B2}.Debug|Mixed Platforms.ActiveCfg = Debug|Any CPU
		{7BAB33BD-3E7F-4A0C-8242-30F0F9B5A7B2}.Debug|Mixed Platforms.Build.0 = Debug|Any CPU
		{7BAB33BD-3E7F-4A0C-8242-30F0F9B5A7B2}.Debug|x86.ActiveCfg = Debug|Any CPU
		{7BAB33BD-3E7F-4A0C-8242-30F0F9B5A7B2}.Release|Any CPU.ActiveCfg = Release|Any CPU
		{7BAB33BD-3E7F-4A0C-8242-30F0F9B5A7B2}.Release|Any CPU.Build.0 = Release|Any CPU
		{7BAB33BD-3E7F-4A0C-8242-30F0F9B5A7B2}.Release|Mixed Platforms.ActiveCfg = Release|Any CPU
		{7BAB33BD-3E7F-4A0C-8242-30F0F9B5A7B2}.Release|Mixed Platforms.Build.0 = Release|Any CPU
		{7BAB33BD-3E7F-4A0C-8242-30F0F9B5A7B2}.Release|x86.ActiveCfg = Release|Any CPU
	EndGlobalSection
	GlobalSection(SolutionProperties) = preSolution
		HideSolutionNode = FALSE
	EndGlobalSection
EndGlobal
